
Microsoft Visual Studio Solution File, Format Version 12.00
# Visual Studio Version 17
VisualStudioVersion = 17.11.35303.130
MinimumVisualStudioVersion = 10.0.40219.1
Project("{2150E333-8FDC-42A3-9474-1A3956D46DE8}") = "Task0", "Task0", "{6301B571-AFE1-4280-A691-046A4F560DB4}"
EndProject
Project("{FAE04EC0-301F-11D3-BF4B-00C04F79EFBC}") = "Tyuiu.GolubevDS.Sprint0.Task0.V0", "Tyuiu.GolubevDS.Sprint0.Task0.V0\Tyuiu.GolubevDS.Sprint0.Task0.V0.csproj", "{11CD6E07-FBD5-4038-91DB-2ACAB13505C4}"
EndProject
Project("{2150E333-8FDC-42A3-9474-1A3956D46DE8}") = "Task1", "Task1", "{2C046A9C-837F-4A32-BBEE-27797CF31F5B}"
EndProject
Project("{FAE04EC0-301F-11D3-BF4B-00C04F79EFBC}") = "Tyuiu.GolubevDS.Sprint0.Task1.V0", "Tyuiu.GolubevDS.Sprint0.Task1.V0\Tyuiu.GolubevDS.Sprint0.Task1.V0.csproj", "{17CE547E-A1AA-4A0D-84A4-885E7C6B5484}"
EndProject
Project("{2150E333-8FDC-42A3-9474-1A3956D46DE8}") = "Task2", "Task2", "{53C56A0D-3812-4FB5-937F-6CB69692234F}"
EndProject
Project("{FAE04EC0-301F-11D3-BF4B-00C04F79EFBC}") = "Tyuiu.GolubevDS.Sprint0.Task2.V0", "Tyuiu.GolubevDS.Sprint0.Task2.V0\Tyuiu.GolubevDS.Sprint0.Task2.V0.csproj", "{21CC463A-2A68-476B-BD72-15CB63D4E520}"
EndProject
Project("{FAE04EC0-301F-11D3-BF4B-00C04F79EFBC}") = "Tyuiu.GolubevDS.Sprint0.Task2.V0.Lib", "Tyuiu.GolubevDS.Sprint0.Task2.V0.Lib\Tyuiu.GolubevDS.Sprint0.Task2.V0.Lib.csproj", "{EDDEB315-CAC1-43E2-A3BC-2E14789F11C5}"
EndProject
Project("{FAE04EC0-301F-11D3-BF4B-00C04F79EFBC}") = "Tyuiu.GolubevDS.Sprint0.Task2.V0.Test", "Tyuiu.GolubevDS.Sprint0.Task2.V0.Test\Tyuiu.GolubevDS.Sprint0.Task2.V0.Test.csproj", "{BE9A52C4-77FC-4C99-BCA4-7C2731FECCA7}"
EndProject
Project("{2150E333-8FDC-42A3-9474-1A3956D46DE8}") = "Task3", "Task3", "{76808A36-4F8F-4FDC-8E46-B0FDC474CE18}"
EndProject
Project("{FAE04EC0-301F-11D3-BF4B-00C04F79EFBC}") = "Tyuiu.GolubevDS.Sprint0.Task3.V0", "Tyuiu.GolubevDS.Sprint0.Task3.V0\Tyuiu.GolubevDS.Sprint0.Task3.V0.csproj", "{8DDC28B2-9C2C-4230-8543-3C3BB98DDDC2}"
EndProject
Project("{FAE04EC0-301F-11D3-BF4B-00C04F79EFBC}") = "Tyuiu.GolubevDS.Sprint0.Task3.V0.Test", "Tyuiu.GolubevDS.Sprint0.Task3.V0.Test\Tyuiu.GolubevDS.Sprint0.Task3.V0.Test.csproj", "{7D51DC21-9036-4536-8501-B451530A097E}"
EndProject
Project("{FAE04EC0-301F-11D3-BF4B-00C04F79EFBC}") = "Tyuiu.GolubevDS.Sprint0.Task3.V0.Lib", "Tyuiu.GolubevDS.Sprint0.Task3.V0.Lib\Tyuiu.GolubevDS.Sprint0.Task3.V0.Lib.csproj", "{AD0FA388-A69D-4D29-8DDB-C5CC03E59F4F}"
EndProject
Project("{2150E333-8FDC-42A3-9474-1A3956D46DE8}") = "Task4", "Task4", "{C241FBEE-8EA2-44DD-A21F-881550E2A40D}"
EndProject
Project("{FAE04EC0-301F-11D3-BF4B-00C04F79EFBC}") = "Tyuiu.GolubevDS.Sprint0.Task4.V0", "Tyuiu.GolubevDS.Sprint0.Task4.V0\Tyuiu.GolubevDS.Sprint0.Task4.V0.csproj", "{107A5A08-3D92-43FE-B673-083E786B2E95}"
EndProject
Project("{FAE04EC0-301F-11D3-BF4B-00C04F79EFBC}") = "Tyuiu.GolubevDS.Sprint0.Task4.V0.Test", "Tyuiu.GolubevDS.Sprint0.Task4.V0.Test\Tyuiu.GolubevDS.Sprint0.Task4.V0.Test.csproj", "{78416AD1-3D7D-4912-96BA-7CA529E78054}"
EndProject
Project("{FAE04EC0-301F-11D3-BF4B-00C04F79EFBC}") = "Tyuiu.GolubevDS.Sprint0.Task4.V0.Lib", "Tyuiu.GolubevDS.Sprint0.Task4.V0.Lib\Tyuiu.GolubevDS.Sprint0.Task4.V0.Lib.csproj", "{D1131574-DD63-4969-8D2B-2C9AE9869D61}"
EndProject
Project("{2150E333-8FDC-42A3-9474-1A3956D46DE8}") = "Task5", "Task5", "{FE6F5602-848C-4BB5-9ECC-53E7ACC9FBAF}"
EndProject
Project("{FAE04EC0-301F-11D3-BF4B-00C04F79EFBC}") = "Tyuiu.GolubevDS.Sprint0.Task5.V0", "Tyuiu.GolubevDS.Sprint0.Task5.V0\Tyuiu.GolubevDS.Sprint0.Task5.V0.csproj", "{D79F3C8B-B7A4-4E68-8F80-144075A9A5D4}"
EndProject
Project("{FAE04EC0-301F-11D3-BF4B-00C04F79EFBC}") = "Tyuiu.GolubevDS.Sprint0.Task5.V0.Test", "Tyuiu.GolubevDS.Sprint0.Task5.V0.Test\Tyuiu.GolubevDS.Sprint0.Task5.V0.Test.csproj", "{38A41068-6F3D-4CC4-962A-9C162961BCDB}"
EndProject
Project("{FAE04EC0-301F-11D3-BF4B-00C04F79EFBC}") = "Tyuiu.GolubevDS.Sprint0.Task5.V0.Lib", "Tyuiu.GolubevDS.Sprint0.Task5.V0.Lib\Tyuiu.GolubevDS.Sprint0.Task5.V0.Lib.csproj", "{AF46984D-3D4F-4BAC-9F41-1B29B5612938}"
EndProject
Project("{2150E333-8FDC-42A3-9474-1A3956D46DE8}") = "Task6", "Task6", "{1A81F895-19C5-45EA-BFF2-596542F757A0}"
EndProject
Project("{FAE04EC0-301F-11D3-BF4B-00C04F79EFBC}") = "Tyuiu.GolubevDS.Sprint0.Task6.V0", "Tyuiu.GolubevDS.Sprint0.Task6.V0\Tyuiu.GolubevDS.Sprint0.Task6.V0.csproj", "{948470B5-06B3-4123-BF3A-939EF242FEF2}"
EndProject
Project("{FAE04EC0-301F-11D3-BF4B-00C04F79EFBC}") = "Tyuiu.GolubevDS.Sprint0.Task6.V0.Test", "Tyuiu.GolubevDS.Sprint0.Task6.V0.Test\Tyuiu.GolubevDS.Sprint0.Task6.V0.Test.csproj", "{29591066-FE35-4737-BD82-6396922C53B4}"
EndProject
Project("{FAE04EC0-301F-11D3-BF4B-00C04F79EFBC}") = "Tyuiu.GolubevDS.Sprint0.Task6.V0.Lib", "Tyuiu.GolubevDS.Sprint0.Task6.V0.Lib\Tyuiu.GolubevDS.Sprint0.Task6.V0.Lib.csproj", "{33F08FBD-112B-4BF1-9AE3-05557DF07F97}"
EndProject
Project("{2150E333-8FDC-42A3-9474-1A3956D46DE8}") = "Task7", "Task7", "{A385E905-2D3D-4C8B-8129-AEFB3D244751}"
EndProject
Project("{FAE04EC0-301F-11D3-BF4B-00C04F79EFBC}") = "Tyuiu.GolubevDS.Sprint0.Task7.V0", "Tyuiu.GolubevDS.Sprint0.Task7.V0\Tyuiu.GolubevDS.Sprint0.Task7.V0.csproj", "{CF667CD1-81BC-418B-AEF9-C3791E33D920}"
EndProject
Project("{FAE04EC0-301F-11D3-BF4B-00C04F79EFBC}") = "Tyuiu.GolubevDS.Sprint0.Task7.V0.Test", "Tyuiu.GolubevDS.Sprint0.Task7.V0.Test\Tyuiu.GolubevDS.Sprint0.Task7.V0.Test.csproj", "{DF89E6F2-35A0-4A71-9623-4DE60854FB98}"
EndProject
Project("{FAE04EC0-301F-11D3-BF4B-00C04F79EFBC}") = "Tyuiu.GolubevDS.Sprint0.Task7.V0.Lib", "Tyuiu.GolubevDS.Sprint0.Task7.V0.Lib\Tyuiu.GolubevDS.Sprint0.Task7.V0.Lib.csproj", "{671C279D-680F-4D5C-9740-3B089740264F}"
EndProject
Global
	GlobalSection(SolutionConfigurationPlatforms) = preSolution
		Debug|Any CPU = Debug|Any CPU
		Release|Any CPU = Release|Any CPU
	EndGlobalSection
	GlobalSection(ProjectConfigurationPlatforms) = postSolution
		{11CD6E07-FBD5-4038-91DB-2ACAB13505C4}.Debug|Any CPU.ActiveCfg = Debug|Any CPU
		{11CD6E07-FBD5-4038-91DB-2ACAB13505C4}.Debug|Any CPU.Build.0 = Debug|Any CPU
		{11CD6E07-FBD5-4038-91DB-2ACAB13505C4}.Release|Any CPU.ActiveCfg = Release|Any CPU
		{11CD6E07-FBD5-4038-91DB-2ACAB13505C4}.Release|Any CPU.Build.0 = Release|Any CPU
		{17CE547E-A1AA-4A0D-84A4-885E7C6B5484}.Debug|Any CPU.ActiveCfg = Debug|Any CPU
		{17CE547E-A1AA-4A0D-84A4-885E7C6B5484}.Debug|Any CPU.Build.0 = Debug|Any CPU
		{17CE547E-A1AA-4A0D-84A4-885E7C6B5484}.Release|Any CPU.ActiveCfg = Release|Any CPU
		{17CE547E-A1AA-4A0D-84A4-885E7C6B5484}.Release|Any CPU.Build.0 = Release|Any CPU
		{21CC463A-2A68-476B-BD72-15CB63D4E520}.Debug|Any CPU.ActiveCfg = Debug|Any CPU
		{21CC463A-2A68-476B-BD72-15CB63D4E520}.Debug|Any CPU.Build.0 = Debug|Any CPU
		{21CC463A-2A68-476B-BD72-15CB63D4E520}.Release|Any CPU.ActiveCfg = Release|Any CPU
		{21CC463A-2A68-476B-BD72-15CB63D4E520}.Release|Any CPU.Build.0 = Release|Any CPU
		{EDDEB315-CAC1-43E2-A3BC-2E14789F11C5}.Debug|Any CPU.ActiveCfg = Debug|Any CPU
		{EDDEB315-CAC1-43E2-A3BC-2E14789F11C5}.Debug|Any CPU.Build.0 = Debug|Any CPU
		{EDDEB315-CAC1-43E2-A3BC-2E14789F11C5}.Release|Any CPU.ActiveCfg = Release|Any CPU
		{EDDEB315-CAC1-43E2-A3BC-2E14789F11C5}.Release|Any CPU.Build.0 = Release|Any CPU
		{BE9A52C4-77FC-4C99-BCA4-7C2731FECCA7}.Debug|Any CPU.ActiveCfg = Debug|Any CPU
		{BE9A52C4-77FC-4C99-BCA4-7C2731FECCA7}.Debug|Any CPU.Build.0 = Debug|Any CPU
		{BE9A52C4-77FC-4C99-BCA4-7C2731FECCA7}.Release|Any CPU.ActiveCfg = Release|Any CPU
		{BE9A52C4-77FC-4C99-BCA4-7C2731FECCA7}.Release|Any CPU.Build.0 = Release|Any CPU
		{8DDC28B2-9C2C-4230-8543-3C3BB98DDDC2}.Debug|Any CPU.ActiveCfg = Debug|Any CPU
		{8DDC28B2-9C2C-4230-8543-3C3BB98DDDC2}.Debug|Any CPU.Build.0 = Debug|Any CPU
		{8DDC28B2-9C2C-4230-8543-3C3BB98DDDC2}.Release|Any CPU.ActiveCfg = Release|Any CPU
		{8DDC28B2-9C2C-4230-8543-3C3BB98DDDC2}.Release|Any CPU.Build.0 = Release|Any CPU
		{7D51DC21-9036-4536-8501-B451530A097E}.Debug|Any CPU.ActiveCfg = Debug|Any CPU
		{7D51DC21-9036-4536-8501-B451530A097E}.Debug|Any CPU.Build.0 = Debug|Any CPU
		{7D51DC21-9036-4536-8501-B451530A097E}.Release|Any CPU.ActiveCfg = Release|Any CPU
		{7D51DC21-9036-4536-8501-B451530A097E}.Release|Any CPU.Build.0 = Release|Any CPU
		{AD0FA388-A69D-4D29-8DDB-C5CC03E59F4F}.Debug|Any CPU.ActiveCfg = Debug|Any CPU
		{AD0FA388-A69D-4D29-8DDB-C5CC03E59F4F}.Debug|Any CPU.Build.0 = Debug|Any CPU
		{AD0FA388-A69D-4D29-8DDB-C5CC03E59F4F}.Release|Any CPU.ActiveCfg = Release|Any CPU
		{AD0FA388-A69D-4D29-8DDB-C5CC03E59F4F}.Release|Any CPU.Build.0 = Release|Any CPU
		{107A5A08-3D92-43FE-B673-083E786B2E95}.Debug|Any CPU.ActiveCfg = Debug|Any CPU
		{107A5A08-3D92-43FE-B673-083E786B2E95}.Debug|Any CPU.Build.0 = Debug|Any CPU
		{107A5A08-3D92-43FE-B673-083E786B2E95}.Release|Any CPU.ActiveCfg = Release|Any CPU
		{107A5A08-3D92-43FE-B673-083E786B2E95}.Release|Any CPU.Build.0 = Release|Any CPU
		{78416AD1-3D7D-4912-96BA-7CA529E78054}.Debug|Any CPU.ActiveCfg = Debug|Any CPU
		{78416AD1-3D7D-4912-96BA-7CA529E78054}.Debug|Any CPU.Build.0 = Debug|Any CPU
		{78416AD1-3D7D-4912-96BA-7CA529E78054}.Release|Any CPU.ActiveCfg = Release|Any CPU
		{78416AD1-3D7D-4912-96BA-7CA529E78054}.Release|Any CPU.Build.0 = Release|Any CPU
		{D1131574-DD63-4969-8D2B-2C9AE9869D61}.Debug|Any CPU.ActiveCfg = Debug|Any CPU
		{D1131574-DD63-4969-8D2B-2C9AE9869D61}.Debug|Any CPU.Build.0 = Debug|Any CPU
		{D1131574-DD63-4969-8D2B-2C9AE9869D61}.Release|Any CPU.ActiveCfg = Release|Any CPU
		{D1131574-DD63-4969-8D2B-2C9AE9869D61}.Release|Any CPU.Build.0 = Release|Any CPU
		{D79F3C8B-B7A4-4E68-8F80-144075A9A5D4}.Debug|Any CPU.ActiveCfg = Debug|Any CPU
		{D79F3C8B-B7A4-4E68-8F80-144075A9A5D4}.Debug|Any CPU.Build.0 = Debug|Any CPU
		{D79F3C8B-B7A4-4E68-8F80-144075A9A5D4}.Release|Any CPU.ActiveCfg = Release|Any CPU
		{D79F3C8B-B7A4-4E68-8F80-144075A9A5D4}.Release|Any CPU.Build.0 = Release|Any CPU
		{38A41068-6F3D-4CC4-962A-9C162961BCDB}.Debug|Any CPU.ActiveCfg = Debug|Any CPU
		{38A41068-6F3D-4CC4-962A-9C162961BCDB}.Debug|Any CPU.Build.0 = Debug|Any CPU
		{38A41068-6F3D-4CC4-962A-9C162961BCDB}.Release|Any CPU.ActiveCfg = Release|Any CPU
		{38A41068-6F3D-4CC4-962A-9C162961BCDB}.Release|Any CPU.Build.0 = Release|Any CPU
		{AF46984D-3D4F-4BAC-9F41-1B29B5612938}.Debug|Any CPU.ActiveCfg = Debug|Any CPU
		{AF46984D-3D4F-4BAC-9F41-1B29B5612938}.Debug|Any CPU.Build.0 = Debug|Any CPU
		{AF46984D-3D4F-4BAC-9F41-1B29B5612938}.Release|Any CPU.ActiveCfg = Release|Any CPU
		{AF46984D-3D4F-4BAC-9F41-1B29B5612938}.Release|Any CPU.Build.0 = Release|Any CPU
		{948470B5-06B3-4123-BF3A-939EF242FEF2}.Debug|Any CPU.ActiveCfg = Debug|Any CPU
		{948470B5-06B3-4123-BF3A-939EF242FEF2}.Debug|Any CPU.Build.0 = Debug|Any CPU
		{948470B5-06B3-4123-BF3A-939EF242FEF2}.Release|Any CPU.ActiveCfg = Release|Any CPU
		{948470B5-06B3-4123-BF3A-939EF242FEF2}.Release|Any CPU.Build.0 = Release|Any CPU
		{29591066-FE35-4737-BD82-6396922C53B4}.Debug|Any CPU.ActiveCfg = Debug|Any CPU
		{29591066-FE35-4737-BD82-6396922C53B4}.Debug|Any CPU.Build.0 = Debug|Any CPU
		{29591066-FE35-4737-BD82-6396922C53B4}.Release|Any CPU.ActiveCfg = Release|Any CPU
		{29591066-FE35-4737-BD82-6396922C53B4}.Release|Any CPU.Build.0 = Release|Any CPU
		{33F08FBD-112B-4BF1-9AE3-05557DF07F97}.Debug|Any CPU.ActiveCfg = Debug|Any CPU
		{33F08FBD-112B-4BF1-9AE3-05557DF07F97}.Debug|Any CPU.Build.0 = Debug|Any CPU
		{33F08FBD-112B-4BF1-9AE3-05557DF07F97}.Release|Any CPU.ActiveCfg = Release|Any CPU
		{33F08FBD-112B-4BF1-9AE3-05557DF07F97}.Release|Any CPU.Build.0 = Release|Any CPU
		{CF667CD1-81BC-418B-AEF9-C3791E33D920}.Debug|Any CPU.ActiveCfg = Debug|Any CPU
		{CF667CD1-81BC-418B-AEF9-C3791E33D920}.Debug|Any CPU.Build.0 = Debug|Any CPU
		{CF667CD1-81BC-418B-AEF9-C3791E33D920}.Release|Any CPU.ActiveCfg = Release|Any CPU
		{CF667CD1-81BC-418B-AEF9-C3791E33D920}.Release|Any CPU.Build.0 = Release|Any CPU
		{DF89E6F2-35A0-4A71-9623-4DE60854FB98}.Debug|Any CPU.ActiveCfg = Debug|Any CPU
		{DF89E6F2-35A0-4A71-9623-4DE60854FB98}.Debug|Any CPU.Build.0 = Debug|Any CPU
		{DF89E6F2-35A0-4A71-9623-4DE60854FB98}.Release|Any CPU.ActiveCfg = Release|Any CPU
		{DF89E6F2-35A0-4A71-9623-4DE60854FB98}.Release|Any CPU.Build.0 = Release|Any CPU
		{671C279D-680F-4D5C-9740-3B089740264F}.Debug|Any CPU.ActiveCfg = Debug|Any CPU
		{671C279D-680F-4D5C-9740-3B089740264F}.Debug|Any CPU.Build.0 = Debug|Any CPU
		{671C279D-680F-4D5C-9740-3B089740264F}.Release|Any CPU.ActiveCfg = Release|Any CPU
		{671C279D-680F-4D5C-9740-3B089740264F}.Release|Any CPU.Build.0 = Release|Any CPU
	EndGlobalSection
	GlobalSection(SolutionProperties) = preSolution
		HideSolutionNode = FALSE
	EndGlobalSection
	GlobalSection(NestedProjects) = preSolution
		{11CD6E07-FBD5-4038-91DB-2ACAB13505C4} = {6301B571-AFE1-4280-A691-046A4F560DB4}
		{17CE547E-A1AA-4A0D-84A4-885E7C6B5484} = {2C046A9C-837F-4A32-BBEE-27797CF31F5B}
		{21CC463A-2A68-476B-BD72-15CB63D4E520} = {53C56A0D-3812-4FB5-937F-6CB69692234F}
		{EDDEB315-CAC1-43E2-A3BC-2E14789F11C5} = {53C56A0D-3812-4FB5-937F-6CB69692234F}
		{BE9A52C4-77FC-4C99-BCA4-7C2731FECCA7} = {53C56A0D-3812-4FB5-937F-6CB69692234F}
		{8DDC28B2-9C2C-4230-8543-3C3BB98DDDC2} = {76808A36-4F8F-4FDC-8E46-B0FDC474CE18}
		{7D51DC21-9036-4536-8501-B451530A097E} = {76808A36-4F8F-4FDC-8E46-B0FDC474CE18}
		{AD0FA388-A69D-4D29-8DDB-C5CC03E59F4F} = {76808A36-4F8F-4FDC-8E46-B0FDC474CE18}
		{107A5A08-3D92-43FE-B673-083E786B2E95} = {C241FBEE-8EA2-44DD-A21F-881550E2A40D}
		{78416AD1-3D7D-4912-96BA-7CA529E78054} = {C241FBEE-8EA2-44DD-A21F-881550E2A40D}
		{D1131574-DD63-4969-8D2B-2C9AE9869D61} = {C241FBEE-8EA2-44DD-A21F-881550E2A40D}
		{D79F3C8B-B7A4-4E68-8F80-144075A9A5D4} = {FE6F5602-848C-4BB5-9ECC-53E7ACC9FBAF}
		{38A41068-6F3D-4CC4-962A-9C162961BCDB} = {FE6F5602-848C-4BB5-9ECC-53E7ACC9FBAF}
		{AF46984D-3D4F-4BAC-9F41-1B29B5612938} = {FE6F5602-848C-4BB5-9ECC-53E7ACC9FBAF}
		{948470B5-06B3-4123-BF3A-939EF242FEF2} = {1A81F895-19C5-45EA-BFF2-596542F757A0}
		{29591066-FE35-4737-BD82-6396922C53B4} = {1A81F895-19C5-45EA-BFF2-596542F757A0}
		{33F08FBD-112B-4BF1-9AE3-05557DF07F97} = {1A81F895-19C5-45EA-BFF2-596542F757A0}
		{CF667CD1-81BC-418B-AEF9-C3791E33D920} = {A385E905-2D3D-4C8B-8129-AEFB3D244751}
		{DF89E6F2-35A0-4A71-9623-4DE60854FB98} = {A385E905-2D3D-4C8B-8129-AEFB3D244751}
		{671C279D-680F-4D5C-9740-3B089740264F} = {A385E905-2D3D-4C8B-8129-AEFB3D244751}
	EndGlobalSection
	GlobalSection(ExtensibilityGlobals) = postSolution
		SolutionGuid = {F5074AB2-50F3-4921-869D-3F89DD982916}
	EndGlobalSection
EndGlobal
