
Microsoft Visual Studio Solution File, Format Version 12.00
# Visual Studio Version 17
VisualStudioVersion = 17.11.35303.130
MinimumVisualStudioVersion = 10.0.40219.1
Project("{2150E333-8FDC-42A3-9474-1A3956D46DE8}") = "Task0", "Task0", "{6301B571-AFE1-4280-A691-046A4F560DB4}"
EndProject
Project("{FAE04EC0-301F-11D3-BF4B-00C04F79EFBC}") = "Tyuiu.GolubevDS.Sprint0.Task0.V0", "Tyuiu.GolubevDS.Sprint0.Task0.V0\Tyuiu.GolubevDS.Sprint0.Task0.V0.csproj", "{11CD6E07-FBD5-4038-91DB-2ACAB13505C4}"
EndProject
Project("{2150E333-8FDC-42A3-9474-1A3956D46DE8}") = "Task1", "Task1", "{2C046A9C-837F-4A32-BBEE-27797CF31F5B}"
EndProject
Project("{FAE04EC0-301F-11D3-BF4B-00C04F79EFBC}") = "Tyuiu.GolubevDS.Sprint0.Task1.V0", "Tyuiu.GolubevDS.Sprint0.Task1.V0\Tyuiu.GolubevDS.Sprint0.Task1.V0.csproj", "{17CE547E-A1AA-4A0D-84A4-885E7C6B5484}"
EndProject
Project("{2150E333-8FDC-42A3-9474-1A3956D46DE8}") = "Task2", "Task2", "{53C56A0D-3812-4FB5-937F-6CB69692234F}"
EndProject
Project("{FAE04EC0-301F-11D3-BF4B-00C04F79EFBC}") = "Tyuiu.GolubevDS.Sprint0.Task2.V0", "Tyuiu.GolubevDS.Sprint0.Task2.V0\Tyuiu.GolubevDS.Sprint0.Task2.V0.csproj", "{21C9E9FD-557D-4903-B74F-0001D3AAB74B}"
EndProject
Project("{FAE04EC0-301F-11D3-BF4B-00C04F79EFBC}") = "Tyuiu.GolubevDS.Sprint0.Task2.V0.Lib", "Tyuiu.GolubevDS.Sprint0.Task2.V0.Lib\Tyuiu.GolubevDS.Sprint0.Task2.V0.Lib.csproj", "{1EDAFB51-DA2B-4D8F-9990-BE1734198DE8}"
EndProject
Project("{FAE04EC0-301F-11D3-BF4B-00C04F79EFBC}") = "Tyuiu.GolubevDS.Sprint0.Task2.V0.Test", "Tyuiu.GolubevDS.Sprint0.Task2.V0.Test\Tyuiu.GolubevDS.Sprint0.Task2.V0.Test.csproj", "{7B1454F3-3136-41D7-81D6-08678B33E24D}"
EndProject
Project("{2150E333-8FDC-42A3-9474-1A3956D46DE8}") = "Task3", "Task3", "{1AA30A14-0F5D-453A-AFAD-2D2E9552FD00}"
EndProject
Project("{FAE04EC0-301F-11D3-BF4B-00C04F79EFBC}") = "Tyuiu.GolubevDS.Sprint0.Task3.V0", "Tyuiu.GolubevDS.Sprint0.Task3.V0\Tyuiu.GolubevDS.Sprint0.Task3.V0.csproj", "{D716E80E-E633-41C7-A19C-BE5DFD93D26B}"
EndProject
Project("{FAE04EC0-301F-11D3-BF4B-00C04F79EFBC}") = "Tyuiu.GolubevDS.Sprint0.Task3.V0.Test", "Tyuiu.GolubevDS.Sprint0.Task3.V0.Test\Tyuiu.GolubevDS.Sprint0.Task3.V0.Test.csproj", "{2047297F-1C60-4F3F-9139-3A70232E09E4}"
EndProject
Project("{FAE04EC0-301F-11D3-BF4B-00C04F79EFBC}") = "Tyuiu.GolubevDS.Sprint0.Task3.V0.Lib", "Tyuiu.GolubevDS.Sprint0.Task3.V0.Lib\Tyuiu.GolubevDS.Sprint0.Task3.V0.Lib.csproj", "{600C180C-8D64-4459-907C-FD3BDB34F3FC}"
EndProject
Global
	GlobalSection(SolutionConfigurationPlatforms) = preSolution
		Debug|Any CPU = Debug|Any CPU
		Release|Any CPU = Release|Any CPU
	EndGlobalSection
	GlobalSection(ProjectConfigurationPlatforms) = postSolution
		{11CD6E07-FBD5-4038-91DB-2ACAB13505C4}.Debug|Any CPU.ActiveCfg = Debug|Any CPU
		{11CD6E07-FBD5-4038-91DB-2ACAB13505C4}.Debug|Any CPU.Build.0 = Debug|Any CPU
		{11CD6E07-FBD5-4038-91DB-2ACAB13505C4}.Release|Any CPU.ActiveCfg = Release|Any CPU
		{11CD6E07-FBD5-4038-91DB-2ACAB13505C4}.Release|Any CPU.Build.0 = Release|Any CPU
		{17CE547E-A1AA-4A0D-84A4-885E7C6B5484}.Debug|Any CPU.ActiveCfg = Debug|Any CPU
		{17CE547E-A1AA-4A0D-84A4-885E7C6B5484}.Debug|Any CPU.Build.0 = Debug|Any CPU
		{17CE547E-A1AA-4A0D-84A4-885E7C6B5484}.Release|Any CPU.ActiveCfg = Release|Any CPU
		{17CE547E-A1AA-4A0D-84A4-885E7C6B5484}.Release|Any CPU.Build.0 = Release|Any CPU
		{21C9E9FD-557D-4903-B74F-0001D3AAB74B}.Debug|Any CPU.ActiveCfg = Debug|Any CPU
		{21C9E9FD-557D-4903-B74F-0001D3AAB74B}.Debug|Any CPU.Build.0 = Debug|Any CPU
		{21C9E9FD-557D-4903-B74F-0001D3AAB74B}.Release|Any CPU.ActiveCfg = Release|Any CPU
		{21C9E9FD-557D-4903-B74F-0001D3AAB74B}.Release|Any CPU.Build.0 = Release|Any CPU
		{1EDAFB51-DA2B-4D8F-9990-BE1734198DE8}.Debug|Any CPU.ActiveCfg = Debug|Any CPU
		{1EDAFB51-DA2B-4D8F-9990-BE1734198DE8}.Debug|Any CPU.Build.0 = Debug|Any CPU
		{1EDAFB51-DA2B-4D8F-9990-BE1734198DE8}.Release|Any CPU.ActiveCfg = Release|Any CPU
		{1EDAFB51-DA2B-4D8F-9990-BE1734198DE8}.Release|Any CPU.Build.0 = Release|Any CPU
		{7B1454F3-3136-41D7-81D6-08678B33E24D}.Debug|Any CPU.ActiveCfg = Debug|Any CPU
		{7B1454F3-3136-41D7-81D6-08678B33E24D}.Debug|Any CPU.Build.0 = Debug|Any CPU
		{7B1454F3-3136-41D7-81D6-08678B33E24D}.Release|Any CPU.ActiveCfg = Release|Any CPU
		{7B1454F3-3136-41D7-81D6-08678B33E24D}.Release|Any CPU.Build.0 = Release|Any CPU
		{D716E80E-E633-41C7-A19C-BE5DFD93D26B}.Debug|Any CPU.ActiveCfg = Debug|Any CPU
		{D716E80E-E633-41C7-A19C-BE5DFD93D26B}.Debug|Any CPU.Build.0 = Debug|Any CPU
		{D716E80E-E633-41C7-A19C-BE5DFD93D26B}.Release|Any CPU.ActiveCfg = Release|Any CPU
		{D716E80E-E633-41C7-A19C-BE5DFD93D26B}.Release|Any CPU.Build.0 = Release|Any CPU
		{2047297F-1C60-4F3F-9139-3A70232E09E4}.Debug|Any CPU.ActiveCfg = Debug|Any CPU
		{2047297F-1C60-4F3F-9139-3A70232E09E4}.Debug|Any CPU.Build.0 = Debug|Any CPU
		{2047297F-1C60-4F3F-9139-3A70232E09E4}.Release|Any CPU.ActiveCfg = Release|Any CPU
		{2047297F-1C60-4F3F-9139-3A70232E09E4}.Release|Any CPU.Build.0 = Release|Any CPU
		{600C180C-8D64-4459-907C-FD3BDB34F3FC}.Debug|Any CPU.ActiveCfg = Debug|Any CPU
		{600C180C-8D64-4459-907C-FD3BDB34F3FC}.Debug|Any CPU.Build.0 = Debug|Any CPU
		{600C180C-8D64-4459-907C-FD3BDB34F3FC}.Release|Any CPU.ActiveCfg = Release|Any CPU
		{600C180C-8D64-4459-907C-FD3BDB34F3FC}.Release|Any CPU.Build.0 = Release|Any CPU
	EndGlobalSection
	GlobalSection(SolutionProperties) = preSolution
		HideSolutionNode = FALSE
	EndGlobalSection
	GlobalSection(NestedProjects) = preSolution
		{11CD6E07-FBD5-4038-91DB-2ACAB13505C4} = {6301B571-AFE1-4280-A691-046A4F560DB4}
		{17CE547E-A1AA-4A0D-84A4-885E7C6B5484} = {2C046A9C-837F-4A32-BBEE-27797CF31F5B}
		{21C9E9FD-557D-4903-B74F-0001D3AAB74B} = {53C56A0D-3812-4FB5-937F-6CB69692234F}
		{1EDAFB51-DA2B-4D8F-9990-BE1734198DE8} = {53C56A0D-3812-4FB5-937F-6CB69692234F}
		{7B1454F3-3136-41D7-81D6-08678B33E24D} = {53C56A0D-3812-4FB5-937F-6CB69692234F}
		{D716E80E-E633-41C7-A19C-BE5DFD93D26B} = {1AA30A14-0F5D-453A-AFAD-2D2E9552FD00}
		{2047297F-1C60-4F3F-9139-3A70232E09E4} = {1AA30A14-0F5D-453A-AFAD-2D2E9552FD00}
		{600C180C-8D64-4459-907C-FD3BDB34F3FC} = {1AA30A14-0F5D-453A-AFAD-2D2E9552FD00}
	EndGlobalSection
	GlobalSection(ExtensibilityGlobals) = postSolution
		SolutionGuid = {F5074AB2-50F3-4921-869D-3F89DD982916}
	EndGlobalSection
EndGlobal
